
Microsoft Visual Studio Solution File, Format Version 12.00
# Visual Studio Version 17
VisualStudioVersion = 17.9.34723.18
MinimumVisualStudioVersion = 10.0.40219.1
Project("{9A19103F-16F7-4668-BE54-9A1E7A4F7556}") = "Typographer", "Typographer\Typographer.csproj", "{2FF517BD-4B64-4420-B73B-C3130E65D2C8}"
EndProject
Project("{FAE04EC0-301F-11D3-BF4B-00C04F79EFBC}") = "TypographerTests", "TypographerTests\TypographerTests.csproj", "{78316C27-1039-4C5F-B9B0-81443FF48DF2}"
EndProject
Global
	GlobalSection(SolutionConfigurationPlatforms) = preSolution
		Debug|Any CPU = Debug|Any CPU
		Release|Any CPU = Release|Any CPU
	EndGlobalSection
	GlobalSection(ProjectConfigurationPlatforms) = postSolution
		{2FF517BD-4B64-4420-B73B-C3130E65D2C8}.Debug|Any CPU.ActiveCfg = Debug|Any CPU
		{2FF517BD-4B64-4420-B73B-C3130E65D2C8}.Debug|Any CPU.Build.0 = Debug|Any CPU
		{2FF517BD-4B64-4420-B73B-C3130E65D2C8}.Release|Any CPU.ActiveCfg = Release|Any CPU
		{2FF517BD-4B64-4420-B73B-C3130E65D2C8}.Release|Any CPU.Build.0 = Release|Any CPU
		{78316C27-1039-4C5F-B9B0-81443FF48DF2}.Debug|Any CPU.ActiveCfg = Debug|Any CPU
		{78316C27-1039-4C5F-B9B0-81443FF48DF2}.Debug|Any CPU.Build.0 = Debug|Any CPU
		{78316C27-1039-4C5F-B9B0-81443FF48DF2}.Release|Any CPU.ActiveCfg = Release|Any CPU
		{78316C27-1039-4C5F-B9B0-81443FF48DF2}.Release|Any CPU.Build.0 = Release|Any CPU
	EndGlobalSection
	GlobalSection(SolutionProperties) = preSolution
		HideSolutionNode = FALSE
	EndGlobalSection
	GlobalSection(ExtensibilityGlobals) = postSolution
		SolutionGuid = {69C5D556-DC3D-47C6-9326-3EECDE2E717E}
	EndGlobalSection
EndGlobal
